// !$*UTF8*$!
{
	archiveVersion = 1;
	classes = {
	};
	objectVersion = 46;
	objects = {

/* Begin PBXBuildFile section */
		6839EAB61991F76500524F75 /* AppDelegate.swift in Sources */ = {isa = PBXBuildFile; fileRef = 6839EAB51991F76500524F75 /* AppDelegate.swift */; };
		6839EABB1991F76500524F75 /* Main.storyboard in Resources */ = {isa = PBXBuildFile; fileRef = 6839EAB91991F76500524F75 /* Main.storyboard */; };
		6839EABD1991F76500524F75 /* Images.xcassets in Resources */ = {isa = PBXBuildFile; fileRef = 6839EABC1991F76500524F75 /* Images.xcassets */; };
		6839EAC91991F76500524F75 /* iOSTableViewTests.swift in Sources */ = {isa = PBXBuildFile; fileRef = 6839EAC81991F76500524F75 /* iOSTableViewTests.swift */; };
		6839EAD31991F8AE00524F75 /* TableViewController.swift in Sources */ = {isa = PBXBuildFile; fileRef = 6839EAD21991F8AE00524F75 /* TableViewController.swift */; };
/* End PBXBuildFile section */

/* Begin PBXContainerItemProxy section */
		6839EAC31991F76500524F75 /* PBXContainerItemProxy */ = {
			isa = PBXContainerItemProxy;
			containerPortal = 6839EAA81991F76500524F75 /* Project object */;
			proxyType = 1;
			remoteGlobalIDString = 6839EAAF1991F76500524F75;
			remoteInfo = iOSTableView;
		};
/* End PBXContainerItemProxy section */

/* Begin PBXFileReference section */
		6839EAB01991F76500524F75 /* iOSTableView.app */ = {isa = PBXFileReference; explicitFileType = wrapper.application; includeInIndex = 0; path = iOSTableView.app; sourceTree = BUILT_PRODUCTS_DIR; };
		6839EAB41991F76500524F75 /* Info.plist */ = {isa = PBXFileReference; lastKnownFileType = text.plist.xml; path = Info.plist; sourceTree = "<group>"; };
		6839EAB51991F76500524F75 /* AppDelegate.swift */ = {isa = PBXFileReference; lastKnownFileType = sourcecode.swift; path = AppDelegate.swift; sourceTree = "<group>"; };
		6839EABA1991F76500524F75 /* Base */ = {isa = PBXFileReference; lastKnownFileType = file.storyboard; name = Base; path = Base.lproj/Main.storyboard; sourceTree = "<group>"; };
		6839EABC1991F76500524F75 /* Images.xcassets */ = {isa = PBXFileReference; lastKnownFileType = folder.assetcatalog; path = Images.xcassets; sourceTree = "<group>"; };
		6839EAC21991F76500524F75 /* iOSTableViewTests.xctest */ = {isa = PBXFileReference; explicitFileType = wrapper.cfbundle; includeInIndex = 0; path = iOSTableViewTests.xctest; sourceTree = BUILT_PRODUCTS_DIR; };
		6839EAC71991F76500524F75 /* Info.plist */ = {isa = PBXFileReference; lastKnownFileType = text.plist.xml; path = Info.plist; sourceTree = "<group>"; };
		6839EAC81991F76500524F75 /* iOSTableViewTests.swift */ = {isa = PBXFileReference; lastKnownFileType = sourcecode.swift; path = iOSTableViewTests.swift; sourceTree = "<group>"; };
		6839EAD21991F8AE00524F75 /* TableViewController.swift */ = {isa = PBXFileReference; fileEncoding = 4; lastKnownFileType = sourcecode.swift; path = TableViewController.swift; sourceTree = "<group>"; };
/* End PBXFileReference section */

/* Begin PBXFrameworksBuildPhase section */
		6839EAAD1991F76500524F75 /* Frameworks */ = {
			isa = PBXFrameworksBuildPhase;
			buildActionMask = 2147483647;
			files = (
			);
			runOnlyForDeploymentPostprocessing = 0;
		};
		6839EABF1991F76500524F75 /* Frameworks */ = {
			isa = PBXFrameworksBuildPhase;
			buildActionMask = 2147483647;
			files = (
			);
			runOnlyForDeploymentPostprocessing = 0;
		};
/* End PBXFrameworksBuildPhase section */

/* Begin PBXGroup section */
		6839EAA71991F76500524F75 = {
			isa = PBXGroup;
			children = (
				6839EAB21991F76500524F75 /* iOSTableView */,
				6839EAC51991F76500524F75 /* iOSTableViewTests */,
				6839EAB11991F76500524F75 /* Products */,
			);
			sourceTree = "<group>";
		};
		6839EAB11991F76500524F75 /* Products */ = {
			isa = PBXGroup;
			children = (
				6839EAB01991F76500524F75 /* iOSTableView.app */,
				6839EAC21991F76500524F75 /* iOSTableViewTests.xctest */,
			);
			name = Products;
			sourceTree = "<group>";
		};
		6839EAB21991F76500524F75 /* iOSTableView */ = {
			isa = PBXGroup;
			children = (
				6839EAB51991F76500524F75 /* AppDelegate.swift */,
				6839EAB91991F76500524F75 /* Main.storyboard */,
				6839EAD21991F8AE00524F75 /* TableViewController.swift */,
				6839EABC1991F76500524F75 /* Images.xcassets */,
				6839EAB31991F76500524F75 /* Supporting Files */,
			);
			path = iOSTableView;
			sourceTree = "<group>";
		};
		6839EAB31991F76500524F75 /* Supporting Files */ = {
			isa = PBXGroup;
			children = (
				6839EAB41991F76500524F75 /* Info.plist */,
			);
			name = "Supporting Files";
			sourceTree = "<group>";
		};
		6839EAC51991F76500524F75 /* iOSTableViewTests */ = {
			isa = PBXGroup;
			children = (
				6839EAC81991F76500524F75 /* iOSTableViewTests.swift */,
				6839EAC61991F76500524F75 /* Supporting Files */,
			);
			path = iOSTableViewTests;
			sourceTree = "<group>";
		};
		6839EAC61991F76500524F75 /* Supporting Files */ = {
			isa = PBXGroup;
			children = (
				6839EAC71991F76500524F75 /* Info.plist */,
			);
			name = "Supporting Files";
			sourceTree = "<group>";
		};
/* End PBXGroup section */

/* Begin PBXNativeTarget section */
		6839EAAF1991F76500524F75 /* iOSTableView */ = {
			isa = PBXNativeTarget;
			buildConfigurationList = 6839EACC1991F76500524F75 /* Build configuration list for PBXNativeTarget "iOSTableView" */;
			buildPhases = (
				6839EAAC1991F76500524F75 /* Sources */,
				6839EAAD1991F76500524F75 /* Frameworks */,
				6839EAAE1991F76500524F75 /* Resources */,
			);
			buildRules = (
			);
			dependencies = (
			);
			name = iOSTableView;
			productName = iOSTableView;
			productReference = 6839EAB01991F76500524F75 /* iOSTableView.app */;
			productType = "com.apple.product-type.application";
		};
		6839EAC11991F76500524F75 /* iOSTableViewTests */ = {
			isa = PBXNativeTarget;
			buildConfigurationList = 6839EACF1991F76500524F75 /* Build configuration list for PBXNativeTarget "iOSTableViewTests" */;
			buildPhases = (
				6839EABE1991F76500524F75 /* Sources */,
				6839EABF1991F76500524F75 /* Frameworks */,
				6839EAC01991F76500524F75 /* Resources */,
			);
			buildRules = (
			);
			dependencies = (
				6839EAC41991F76500524F75 /* PBXTargetDependency */,
			);
			name = iOSTableViewTests;
			productName = iOSTableViewTests;
			productReference = 6839EAC21991F76500524F75 /* iOSTableViewTests.xctest */;
			productType = "com.apple.product-type.bundle.unit-test";
		};
/* End PBXNativeTarget section */

/* Begin PBXProject section */
		6839EAA81991F76500524F75 /* Project object */ = {
			isa = PBXProject;
			attributes = {
				LastUpgradeCheck = 0600;
				ORGANIZATIONNAME = "Secret Lab";
				TargetAttributes = {
					6839EAAF1991F76500524F75 = {
						CreatedOnToolsVersion = 6.0;
					};
					6839EAC11991F76500524F75 = {
						CreatedOnToolsVersion = 6.0;
						TestTargetID = 6839EAAF1991F76500524F75;
					};
				};
			};
			buildConfigurationList = 6839EAAB1991F76500524F75 /* Build configuration list for PBXProject "iOSTableView" */;
			compatibilityVersion = "Xcode 3.2";
			developmentRegion = English;
			hasScannedForEncodings = 0;
			knownRegions = (
				en,
				Base,
			);
			mainGroup = 6839EAA71991F76500524F75;
			productRefGroup = 6839EAB11991F76500524F75 /* Products */;
			projectDirPath = "";
			projectRoot = "";
			targets = (
				6839EAAF1991F76500524F75 /* iOSTableView */,
				6839EAC11991F76500524F75 /* iOSTableViewTests */,
			);
		};
/* End PBXProject section */

/* Begin PBXResourcesBuildPhase section */
		6839EAAE1991F76500524F75 /* Resources */ = {
			isa = PBXResourcesBuildPhase;
			buildActionMask = 2147483647;
			files = (
				6839EABB1991F76500524F75 /* Main.storyboard in Resources */,
				6839EABD1991F76500524F75 /* Images.xcassets in Resources */,
			);
			runOnlyForDeploymentPostprocessing = 0;
		};
		6839EAC01991F76500524F75 /* Resources */ = {
			isa = PBXResourcesBuildPhase;
			buildActionMask = 2147483647;
			files = (
			);
			runOnlyForDeploymentPostprocessing = 0;
		};
/* End PBXResourcesBuildPhase section */

/* Begin PBXSourcesBuildPhase section */
		6839EAAC1991F76500524F75 /* Sources */ = {
			isa = PBXSourcesBuildPhase;
			buildActionMask = 2147483647;
			files = (
				6839EAB61991F76500524F75 /* AppDelegate.swift in Sources */,
				6839EAD31991F8AE00524F75 /* TableViewController.swift in Sources */,
			);
			runOnlyForDeploymentPostprocessing = 0;
		};
		6839EABE1991F76500524F75 /* Sources */ = {
			isa = PBXSourcesBuildPhase;
			buildActionMask = 2147483647;
			files = (
				6839EAC91991F76500524F75 /* iOSTableViewTests.swift in Sources */,
			);
			runOnlyForDeploymentPostprocessing = 0;
		};
/* End PBXSourcesBuildPhase section */

/* Begin PBXTargetDependency section */
		6839EAC41991F76500524F75 /* PBXTargetDependency */ = {
			isa = PBXTargetDependency;
			target = 6839EAAF1991F76500524F75 /* iOSTableView */;
			targetProxy = 6839EAC31991F76500524F75 /* PBXContainerItemProxy */;
		};
/* End PBXTargetDependency section */

/* Begin PBXVariantGroup section */
		6839EAB91991F76500524F75 /* Main.storyboard */ = {
			isa = PBXVariantGroup;
			children = (
				6839EABA1991F76500524F75 /* Base */,
			);
			name = Main.storyboard;
			sourceTree = "<group>";
		};
/* End PBXVariantGroup section */

/* Begin XCBuildConfiguration section */
		6839EACA1991F76500524F75 /* Debug */ = {
			isa = XCBuildConfiguration;
			buildSettings = {
				ALWAYS_SEARCH_USER_PATHS = NO;
				CLANG_CXX_LANGUAGE_STANDARD = "gnu++0x";
				CLANG_CXX_LIBRARY = "libc++";
				CLANG_ENABLE_MODULES = YES;
				CLANG_ENABLE_OBJC_ARC = YES;
				CLANG_WARN_BOOL_CONVERSION = YES;
				CLANG_WARN_CONSTANT_CONVERSION = YES;
				CLANG_WARN_DIRECT_OBJC_ISA_USAGE = YES_ERROR;
				CLANG_WARN_EMPTY_BODY = YES;
				CLANG_WARN_ENUM_CONVERSION = YES;
				CLANG_WARN_INT_CONVERSION = YES;
				CLANG_WARN_OBJC_ROOT_CLASS = YES_ERROR;
				CLANG_WARN_UNREACHABLE_CODE = YES;
				CLANG_WARN__DUPLICATE_METHOD_MATCH = YES;
				"CODE_SIGN_IDENTITY[sdk=iphoneos*]" = "iPhone Developer";
				COPY_PHASE_STRIP = NO;
				ENABLE_STRICT_OBJC_MSGSEND = YES;
				GCC_C_LANGUAGE_STANDARD = gnu99;
				GCC_DYNAMIC_NO_PIC = NO;
				GCC_OPTIMIZATION_LEVEL = 0;
				GCC_PREPROCESSOR_DEFINITIONS = (
					"DEBUG=1",
					"$(inherited)",
				);
				GCC_SYMBOLS_PRIVATE_EXTERN = NO;
				GCC_WARN_64_TO_32_BIT_CONVERSION = YES;
				GCC_WARN_ABOUT_RETURN_TYPE = YES_ERROR;
				GCC_WARN_UNDECLARED_SELECTOR = YES;
				GCC_WARN_UNINITIALIZED_AUTOS = YES_AGGRESSIVE;
				GCC_WARN_UNUSED_FUNCTION = YES;
				GCC_WARN_UNUSED_VARIABLE = YES;
				IPHONEOS_DEPLOYMENT_TARGET = 8.0;
				MTL_ENABLE_DEBUG_INFO = YES;
				ONLY_ACTIVE_ARCH = YES;
				SDKROOT = iphoneos;
				SWIFT_OPTIMIZATION_LEVEL = "-Onone";
			};
			name = Debug;
		};
		6839EACB1991F76500524F75 /* Release */ = {
			isa = XCBuildConfiguration;
			buildSettings = {
				ALWAYS_SEARCH_USER_PATHS = NO;
				CLANG_CXX_LANGUAGE_STANDARD = "gnu++0x";
				CLANG_CXX_LIBRARY = "libc++";
				CLANG_ENABLE_MODULES = YES;
				CLANG_ENABLE_OBJC_ARC = YES;
				CLANG_WARN_BOOL_CONVERSION = YES;
				CLANG_WARN_CONSTANT_CONVERSION = YES;
				CLANG_WARN_DIRECT_OBJC_ISA_USAGE = YES_ERROR;
				CLANG_WARN_EMPTY_BODY = YES;
				CLANG_WARN_ENUM_CONVERSION = YES;
				CLANG_WARN_INT_CONVERSION = YES;
				CLANG_WARN_OBJC_ROOT_CLASS = YES_ERROR;
				CLANG_WARN_UNREACHABLE_CODE = YES;
				CLANG_WARN__DUPLICATE_METHOD_MATCH = YES;
				"CODE_SIGN_IDENTITY[sdk=iphoneos*]" = "iPhone Developer";
				COPY_PHASE_STRIP = YES;
				ENABLE_NS_ASSERTIONS = NO;
				ENABLE_STRICT_OBJC_MSGSEND = YES;
				GCC_C_LANGUAGE_STANDARD = gnu99;
				GCC_WARN_64_TO_32_BIT_CONVERSION = YES;
				GCC_WARN_ABOUT_RETURN_TYPE = YES_ERROR;
				GCC_WARN_UNDECLARED_SELECTOR = YES;
				GCC_WARN_UNINITIALIZED_AUTOS = YES_AGGRESSIVE;
				GCC_WARN_UNUSED_FUNCTION = YES;
				GCC_WARN_UNUSED_VARIABLE = YES;
				IPHONEOS_DEPLOYMENT_TARGET = 8.0;
				MTL_ENABLE_DEBUG_INFO = NO;
				SDKROOT = iphoneos;
				VALIDATE_PRODUCT = YES;
			};
			name = Release;
		};
		6839EACD1991F76500524F75 /* Debug */ = {
			isa = XCBuildConfiguration;
			buildSettings = {
				ASSETCATALOG_COMPILER_APPICON_NAME = AppIcon;
				ASSETCATALOG_COMPILER_LAUNCHIMAGE_NAME = LaunchImage;
				INFOPLIST_FILE = iOSTableView/Info.plist;
				LD_RUNPATH_SEARCH_PATHS = "$(inherited) @executable_path/Frameworks";
				PRODUCT_NAME = "$(TARGET_NAME)";
			};
			name = Debug;
		};
		6839EACE1991F76500524F75 /* Release */ = {
			isa = XCBuildConfiguration;
			buildSettings = {
				ASSETCATALOG_COMPILER_APPICON_NAME = AppIcon;
				ASSETCATALOG_COMPILER_LAUNCHIMAGE_NAME = LaunchImage;
				INFOPLIST_FILE = iOSTableView/Info.plist;
				LD_RUNPATH_SEARCH_PATHS = "$(inherited) @executable_path/Frameworks";
				PRODUCT_NAME = "$(TARGET_NAME)";
			};
			name = Release;
		};
		6839EAD01991F76500524F75 /* Debug */ = {
			isa = XCBuildConfiguration;
			buildSettings = {
				BUNDLE_LOADER = "$(BUILT_PRODUCTS_DIR)/iOSTableView.app/iOSTableView";
				FRAMEWORK_SEARCH_PATHS = (
					"$(SDKROOT)/Developer/Library/Frameworks",
					"$(inherited)",
				);
				GCC_PREPROCESSOR_DEFINITIONS = (
					"DEBUG=1",
					"$(inherited)",
				);
				INFOPLIST_FILE = iOSTableViewTests/Info.plist;
				LD_RUNPATH_SEARCH_PATHS = "$(inherited) @executable_path/Frameworks @loader_path/Frameworks";
				PRODUCT_NAME = "$(TARGET_NAME)";
				TEST_HOST = "$(BUNDLE_LOADER)";
			};
			name = Debug;
		};
		6839EAD11991F76500524F75 /* Release */ = {
			isa = XCBuildConfiguration;
			buildSettings = {
				BUNDLE_LOADER = "$(BUILT_PRODUCTS_DIR)/iOSTableView.app/iOSTableView";
				FRAMEWORK_SEARCH_PATHS = (
					"$(SDKROOT)/Developer/Library/Frameworks",
					"$(inherited)",
				);
				INFOPLIST_FILE = iOSTableViewTests/Info.plist;
				LD_RUNPATH_SEARCH_PATHS = "$(inherited) @executable_path/Frameworks @loader_path/Frameworks";
				PRODUCT_NAME = "$(TARGET_NAME)";
				TEST_HOST = "$(BUNDLE_LOADER)";
			};
			name = Release;
		};
/* End XCBuildConfiguration section */

/* Begin XCConfigurationList section */
		6839EAAB1991F76500524F75 /* Build configuration list for PBXProject "iOSTableView" */ = {
			isa = XCConfigurationList;
			buildConfigurations = (
				6839EACA1991F76500524F75 /* Debug */,
				6839EACB1991F76500524F75 /* Release */,
			);
			defaultConfigurationIsVisible = 0;
			defaultConfigurationName = Release;
		};
		6839EACC1991F76500524F75 /* Build configuration list for PBXNativeTarget "iOSTableView" */ = {
			isa = XCConfigurationList;
			buildConfigurations = (
				6839EACD1991F76500524F75 /* Debug */,
				6839EACE1991F76500524F75 /* Release */,
			);
			defaultConfigurationIsVisible = 0;
		};
		6839EACF1991F76500524F75 /* Build configuration list for PBXNativeTarget "iOSTableViewTests" */ = {
			isa = XCConfigurationList;
			buildConfigurations = (
				6839EAD01991F76500524F75 /* Debug */,
				6839EAD11991F76500524F75 /* Release */,
			);
			defaultConfigurationIsVisible = 0;
		};
/* End XCConfigurationList section */
	};
	rootObject = 6839EAA81991F76500524F75 /* Project object */;
}
