// !$*UTF8*$!
{
	archiveVersion = 1;
	classes = {
	};
	objectVersion = 46;
	objects = {

/* Begin PBXBuildFile section */
		33E41F5319ADB35E00976FE3 /* main.swift in Sources */ = {isa = PBXBuildFile; fileRef = 33E41F5219ADB35E00976FE3 /* main.swift */; };
		33E41F5519ADB35E00976FE3 /* AppDelegate.swift in Sources */ = {isa = PBXBuildFile; fileRef = 33E41F5419ADB35E00976FE3 /* AppDelegate.swift */; };
		33E41F5719ADB35E00976FE3 /* Images.xcassets in Resources */ = {isa = PBXBuildFile; fileRef = 33E41F5619ADB35E00976FE3 /* Images.xcassets */; };
		33E41F5A19ADB35E00976FE3 /* MainMenu.xib in Resources */ = {isa = PBXBuildFile; fileRef = 33E41F5819ADB35E00976FE3 /* MainMenu.xib */; };
		33E41F6619ADB35E00976FE3 /* CoreAnimationOSXTests.swift in Sources */ = {isa = PBXBuildFile; fileRef = 33E41F6519ADB35E00976FE3 /* CoreAnimationOSXTests.swift */; };
/* End PBXBuildFile section */

/* Begin PBXContainerItemProxy section */
		33E41F6019ADB35E00976FE3 /* PBXContainerItemProxy */ = {
			isa = PBXContainerItemProxy;
			containerPortal = 33E41F4519ADB35E00976FE3 /* Project object */;
			proxyType = 1;
			remoteGlobalIDString = 33E41F4C19ADB35E00976FE3;
			remoteInfo = CoreAnimationOSX;
		};
/* End PBXContainerItemProxy section */

/* Begin PBXFileReference section */
		33E41F4D19ADB35E00976FE3 /* CoreAnimationOSX.app */ = {isa = PBXFileReference; explicitFileType = wrapper.application; includeInIndex = 0; path = CoreAnimationOSX.app; sourceTree = BUILT_PRODUCTS_DIR; };
		33E41F5119ADB35E00976FE3 /* Info.plist */ = {isa = PBXFileReference; lastKnownFileType = text.plist.xml; path = Info.plist; sourceTree = "<group>"; };
		33E41F5219ADB35E00976FE3 /* main.swift */ = {isa = PBXFileReference; lastKnownFileType = sourcecode.swift; path = main.swift; sourceTree = "<group>"; };
		33E41F5419ADB35E00976FE3 /* AppDelegate.swift */ = {isa = PBXFileReference; lastKnownFileType = sourcecode.swift; path = AppDelegate.swift; sourceTree = "<group>"; };
		33E41F5619ADB35E00976FE3 /* Images.xcassets */ = {isa = PBXFileReference; lastKnownFileType = folder.assetcatalog; path = Images.xcassets; sourceTree = "<group>"; };
		33E41F5919ADB35E00976FE3 /* Base */ = {isa = PBXFileReference; lastKnownFileType = file.xib; name = Base; path = Base.lproj/MainMenu.xib; sourceTree = "<group>"; };
		33E41F5F19ADB35E00976FE3 /* CoreAnimationOSXTests.xctest */ = {isa = PBXFileReference; explicitFileType = wrapper.cfbundle; includeInIndex = 0; path = CoreAnimationOSXTests.xctest; sourceTree = BUILT_PRODUCTS_DIR; };
		33E41F6419ADB35E00976FE3 /* Info.plist */ = {isa = PBXFileReference; lastKnownFileType = text.plist.xml; path = Info.plist; sourceTree = "<group>"; };
		33E41F6519ADB35E00976FE3 /* CoreAnimationOSXTests.swift */ = {isa = PBXFileReference; lastKnownFileType = sourcecode.swift; path = CoreAnimationOSXTests.swift; sourceTree = "<group>"; };
/* End PBXFileReference section */

/* Begin PBXFrameworksBuildPhase section */
		33E41F4A19ADB35E00976FE3 /* Frameworks */ = {
			isa = PBXFrameworksBuildPhase;
			buildActionMask = 2147483647;
			files = (
			);
			runOnlyForDeploymentPostprocessing = 0;
		};
		33E41F5C19ADB35E00976FE3 /* Frameworks */ = {
			isa = PBXFrameworksBuildPhase;
			buildActionMask = 2147483647;
			files = (
			);
			runOnlyForDeploymentPostprocessing = 0;
		};
/* End PBXFrameworksBuildPhase section */

/* Begin PBXGroup section */
		33E41F4419ADB35E00976FE3 = {
			isa = PBXGroup;
			children = (
				33E41F4F19ADB35E00976FE3 /* CoreAnimationOSX */,
				33E41F6219ADB35E00976FE3 /* CoreAnimationOSXTests */,
				33E41F4E19ADB35E00976FE3 /* Products */,
			);
			sourceTree = "<group>";
		};
		33E41F4E19ADB35E00976FE3 /* Products */ = {
			isa = PBXGroup;
			children = (
				33E41F4D19ADB35E00976FE3 /* CoreAnimationOSX.app */,
				33E41F5F19ADB35E00976FE3 /* CoreAnimationOSXTests.xctest */,
			);
			name = Products;
			sourceTree = "<group>";
		};
		33E41F4F19ADB35E00976FE3 /* CoreAnimationOSX */ = {
			isa = PBXGroup;
			children = (
				33E41F5419ADB35E00976FE3 /* AppDelegate.swift */,
				33E41F5619ADB35E00976FE3 /* Images.xcassets */,
				33E41F5819ADB35E00976FE3 /* MainMenu.xib */,
				33E41F5019ADB35E00976FE3 /* Supporting Files */,
			);
			path = CoreAnimationOSX;
			sourceTree = "<group>";
		};
		33E41F5019ADB35E00976FE3 /* Supporting Files */ = {
			isa = PBXGroup;
			children = (
				33E41F5119ADB35E00976FE3 /* Info.plist */,
				33E41F5219ADB35E00976FE3 /* main.swift */,
			);
			name = "Supporting Files";
			sourceTree = "<group>";
		};
		33E41F6219ADB35E00976FE3 /* CoreAnimationOSXTests */ = {
			isa = PBXGroup;
			children = (
				33E41F6519ADB35E00976FE3 /* CoreAnimationOSXTests.swift */,
				33E41F6319ADB35E00976FE3 /* Supporting Files */,
			);
			path = CoreAnimationOSXTests;
			sourceTree = "<group>";
		};
		33E41F6319ADB35E00976FE3 /* Supporting Files */ = {
			isa = PBXGroup;
			children = (
				33E41F6419ADB35E00976FE3 /* Info.plist */,
			);
			name = "Supporting Files";
			sourceTree = "<group>";
		};
/* End PBXGroup section */

/* Begin PBXNativeTarget section */
		33E41F4C19ADB35E00976FE3 /* CoreAnimationOSX */ = {
			isa = PBXNativeTarget;
			buildConfigurationList = 33E41F6919ADB35E00976FE3 /* Build configuration list for PBXNativeTarget "CoreAnimationOSX" */;
			buildPhases = (
				33E41F4919ADB35E00976FE3 /* Sources */,
				33E41F4A19ADB35E00976FE3 /* Frameworks */,
				33E41F4B19ADB35E00976FE3 /* Resources */,
			);
			buildRules = (
			);
			dependencies = (
			);
			name = CoreAnimationOSX;
			productName = CoreAnimationOSX;
			productReference = 33E41F4D19ADB35E00976FE3 /* CoreAnimationOSX.app */;
			productType = "com.apple.product-type.application";
		};
		33E41F5E19ADB35E00976FE3 /* CoreAnimationOSXTests */ = {
			isa = PBXNativeTarget;
			buildConfigurationList = 33E41F6C19ADB35E00976FE3 /* Build configuration list for PBXNativeTarget "CoreAnimationOSXTests" */;
			buildPhases = (
				33E41F5B19ADB35E00976FE3 /* Sources */,
				33E41F5C19ADB35E00976FE3 /* Frameworks */,
				33E41F5D19ADB35E00976FE3 /* Resources */,
			);
			buildRules = (
			);
			dependencies = (
				33E41F6119ADB35E00976FE3 /* PBXTargetDependency */,
			);
			name = CoreAnimationOSXTests;
			productName = CoreAnimationOSXTests;
			productReference = 33E41F5F19ADB35E00976FE3 /* CoreAnimationOSXTests.xctest */;
			productType = "com.apple.product-type.bundle.unit-test";
		};
/* End PBXNativeTarget section */

/* Begin PBXProject section */
		33E41F4519ADB35E00976FE3 /* Project object */ = {
			isa = PBXProject;
			attributes = {
				LastUpgradeCheck = 0600;
				ORGANIZATIONNAME = "Timothy Rodney Nugent";
				TargetAttributes = {
					33E41F4C19ADB35E00976FE3 = {
						CreatedOnToolsVersion = 6.0;
					};
					33E41F5E19ADB35E00976FE3 = {
						CreatedOnToolsVersion = 6.0;
						TestTargetID = 33E41F4C19ADB35E00976FE3;
					};
				};
			};
			buildConfigurationList = 33E41F4819ADB35E00976FE3 /* Build configuration list for PBXProject "CoreAnimationOSX" */;
			compatibilityVersion = "Xcode 3.2";
			developmentRegion = English;
			hasScannedForEncodings = 0;
			knownRegions = (
				en,
				Base,
			);
			mainGroup = 33E41F4419ADB35E00976FE3;
			productRefGroup = 33E41F4E19ADB35E00976FE3 /* Products */;
			projectDirPath = "";
			projectRoot = "";
			targets = (
				33E41F4C19ADB35E00976FE3 /* CoreAnimationOSX */,
				33E41F5E19ADB35E00976FE3 /* CoreAnimationOSXTests */,
			);
		};
/* End PBXProject section */

/* Begin PBXResourcesBuildPhase section */
		33E41F4B19ADB35E00976FE3 /* Resources */ = {
			isa = PBXResourcesBuildPhase;
			buildActionMask = 2147483647;
			files = (
				33E41F5719ADB35E00976FE3 /* Images.xcassets in Resources */,
				33E41F5A19ADB35E00976FE3 /* MainMenu.xib in Resources */,
			);
			runOnlyForDeploymentPostprocessing = 0;
		};
		33E41F5D19ADB35E00976FE3 /* Resources */ = {
			isa = PBXResourcesBuildPhase;
			buildActionMask = 2147483647;
			files = (
			);
			runOnlyForDeploymentPostprocessing = 0;
		};
/* End PBXResourcesBuildPhase section */

/* Begin PBXSourcesBuildPhase section */
		33E41F4919ADB35E00976FE3 /* Sources */ = {
			isa = PBXSourcesBuildPhase;
			buildActionMask = 2147483647;
			files = (
				33E41F5519ADB35E00976FE3 /* AppDelegate.swift in Sources */,
				33E41F5319ADB35E00976FE3 /* main.swift in Sources */,
			);
			runOnlyForDeploymentPostprocessing = 0;
		};
		33E41F5B19ADB35E00976FE3 /* Sources */ = {
			isa = PBXSourcesBuildPhase;
			buildActionMask = 2147483647;
			files = (
				33E41F6619ADB35E00976FE3 /* CoreAnimationOSXTests.swift in Sources */,
			);
			runOnlyForDeploymentPostprocessing = 0;
		};
/* End PBXSourcesBuildPhase section */

/* Begin PBXTargetDependency section */
		33E41F6119ADB35E00976FE3 /* PBXTargetDependency */ = {
			isa = PBXTargetDependency;
			target = 33E41F4C19ADB35E00976FE3 /* CoreAnimationOSX */;
			targetProxy = 33E41F6019ADB35E00976FE3 /* PBXContainerItemProxy */;
		};
/* End PBXTargetDependency section */

/* Begin PBXVariantGroup section */
		33E41F5819ADB35E00976FE3 /* MainMenu.xib */ = {
			isa = PBXVariantGroup;
			children = (
				33E41F5919ADB35E00976FE3 /* Base */,
			);
			name = MainMenu.xib;
			sourceTree = "<group>";
		};
/* End PBXVariantGroup section */

/* Begin XCBuildConfiguration section */
		33E41F6719ADB35E00976FE3 /* Debug */ = {
			isa = XCBuildConfiguration;
			buildSettings = {
				ALWAYS_SEARCH_USER_PATHS = NO;
				CLANG_CXX_LANGUAGE_STANDARD = "gnu++0x";
				CLANG_CXX_LIBRARY = "libc++";
				CLANG_ENABLE_MODULES = YES;
				CLANG_ENABLE_OBJC_ARC = YES;
				CLANG_WARN_BOOL_CONVERSION = YES;
				CLANG_WARN_CONSTANT_CONVERSION = YES;
				CLANG_WARN_DIRECT_OBJC_ISA_USAGE = YES_ERROR;
				CLANG_WARN_EMPTY_BODY = YES;
				CLANG_WARN_ENUM_CONVERSION = YES;
				CLANG_WARN_INT_CONVERSION = YES;
				CLANG_WARN_OBJC_ROOT_CLASS = YES_ERROR;
				CLANG_WARN_UNREACHABLE_CODE = YES;
				CLANG_WARN__DUPLICATE_METHOD_MATCH = YES;
				CODE_SIGN_IDENTITY = "-";
				COPY_PHASE_STRIP = NO;
				ENABLE_STRICT_OBJC_MSGSEND = YES;
				GCC_C_LANGUAGE_STANDARD = gnu99;
				GCC_DYNAMIC_NO_PIC = NO;
				GCC_OPTIMIZATION_LEVEL = 0;
				GCC_PREPROCESSOR_DEFINITIONS = (
					"DEBUG=1",
					"$(inherited)",
				);
				GCC_SYMBOLS_PRIVATE_EXTERN = NO;
				GCC_WARN_64_TO_32_BIT_CONVERSION = YES;
				GCC_WARN_ABOUT_RETURN_TYPE = YES_ERROR;
				GCC_WARN_UNDECLARED_SELECTOR = YES;
				GCC_WARN_UNINITIALIZED_AUTOS = YES_AGGRESSIVE;
				GCC_WARN_UNUSED_FUNCTION = YES;
				GCC_WARN_UNUSED_VARIABLE = YES;
				MACOSX_DEPLOYMENT_TARGET = 10.10;
				MTL_ENABLE_DEBUG_INFO = YES;
				ONLY_ACTIVE_ARCH = YES;
				SDKROOT = macosx;
				SWIFT_OPTIMIZATION_LEVEL = "-Onone";
			};
			name = Debug;
		};
		33E41F6819ADB35E00976FE3 /* Release */ = {
			isa = XCBuildConfiguration;
			buildSettings = {
				ALWAYS_SEARCH_USER_PATHS = NO;
				CLANG_CXX_LANGUAGE_STANDARD = "gnu++0x";
				CLANG_CXX_LIBRARY = "libc++";
				CLANG_ENABLE_MODULES = YES;
				CLANG_ENABLE_OBJC_ARC = YES;
				CLANG_WARN_BOOL_CONVERSION = YES;
				CLANG_WARN_CONSTANT_CONVERSION = YES;
				CLANG_WARN_DIRECT_OBJC_ISA_USAGE = YES_ERROR;
				CLANG_WARN_EMPTY_BODY = YES;
				CLANG_WARN_ENUM_CONVERSION = YES;
				CLANG_WARN_INT_CONVERSION = YES;
				CLANG_WARN_OBJC_ROOT_CLASS = YES_ERROR;
				CLANG_WARN_UNREACHABLE_CODE = YES;
				CLANG_WARN__DUPLICATE_METHOD_MATCH = YES;
				CODE_SIGN_IDENTITY = "-";
				COPY_PHASE_STRIP = YES;
				DEBUG_INFORMATION_FORMAT = "dwarf-with-dsym";
				ENABLE_NS_ASSERTIONS = NO;
				ENABLE_STRICT_OBJC_MSGSEND = YES;
				GCC_C_LANGUAGE_STANDARD = gnu99;
				GCC_WARN_64_TO_32_BIT_CONVERSION = YES;
				GCC_WARN_ABOUT_RETURN_TYPE = YES_ERROR;
				GCC_WARN_UNDECLARED_SELECTOR = YES;
				GCC_WARN_UNINITIALIZED_AUTOS = YES_AGGRESSIVE;
				GCC_WARN_UNUSED_FUNCTION = YES;
				GCC_WARN_UNUSED_VARIABLE = YES;
				MACOSX_DEPLOYMENT_TARGET = 10.10;
				MTL_ENABLE_DEBUG_INFO = NO;
				SDKROOT = macosx;
			};
			name = Release;
		};
		33E41F6A19ADB35E00976FE3 /* Debug */ = {
			isa = XCBuildConfiguration;
			buildSettings = {
				ASSETCATALOG_COMPILER_APPICON_NAME = AppIcon;
				COMBINE_HIDPI_IMAGES = YES;
				INFOPLIST_FILE = CoreAnimationOSX/Info.plist;
				LD_RUNPATH_SEARCH_PATHS = "$(inherited) @executable_path/../Frameworks";
				PRODUCT_NAME = "$(TARGET_NAME)";
			};
			name = Debug;
		};
		33E41F6B19ADB35E00976FE3 /* Release */ = {
			isa = XCBuildConfiguration;
			buildSettings = {
				ASSETCATALOG_COMPILER_APPICON_NAME = AppIcon;
				COMBINE_HIDPI_IMAGES = YES;
				INFOPLIST_FILE = CoreAnimationOSX/Info.plist;
				LD_RUNPATH_SEARCH_PATHS = "$(inherited) @executable_path/../Frameworks";
				PRODUCT_NAME = "$(TARGET_NAME)";
			};
			name = Release;
		};
		33E41F6D19ADB35E00976FE3 /* Debug */ = {
			isa = XCBuildConfiguration;
			buildSettings = {
				BUNDLE_LOADER = "$(TEST_HOST)";
				COMBINE_HIDPI_IMAGES = YES;
				FRAMEWORK_SEARCH_PATHS = (
					"$(DEVELOPER_FRAMEWORKS_DIR)",
					"$(inherited)",
				);
				GCC_PREPROCESSOR_DEFINITIONS = (
					"DEBUG=1",
					"$(inherited)",
				);
				INFOPLIST_FILE = CoreAnimationOSXTests/Info.plist;
				LD_RUNPATH_SEARCH_PATHS = "$(inherited) @executable_path/../Frameworks @loader_path/../Frameworks";
				PRODUCT_NAME = "$(TARGET_NAME)";
				TEST_HOST = "$(BUILT_PRODUCTS_DIR)/CoreAnimationOSX.app/Contents/MacOS/CoreAnimationOSX";
			};
			name = Debug;
		};
		33E41F6E19ADB35E00976FE3 /* Release */ = {
			isa = XCBuildConfiguration;
			buildSettings = {
				BUNDLE_LOADER = "$(TEST_HOST)";
				COMBINE_HIDPI_IMAGES = YES;
				FRAMEWORK_SEARCH_PATHS = (
					"$(DEVELOPER_FRAMEWORKS_DIR)",
					"$(inherited)",
				);
				INFOPLIST_FILE = CoreAnimationOSXTests/Info.plist;
				LD_RUNPATH_SEARCH_PATHS = "$(inherited) @executable_path/../Frameworks @loader_path/../Frameworks";
				PRODUCT_NAME = "$(TARGET_NAME)";
				TEST_HOST = "$(BUILT_PRODUCTS_DIR)/CoreAnimationOSX.app/Contents/MacOS/CoreAnimationOSX";
			};
			name = Release;
		};
/* End XCBuildConfiguration section */

/* Begin XCConfigurationList section */
		33E41F4819ADB35E00976FE3 /* Build configuration list for PBXProject "CoreAnimationOSX" */ = {
			isa = XCConfigurationList;
			buildConfigurations = (
				33E41F6719ADB35E00976FE3 /* Debug */,
				33E41F6819ADB35E00976FE3 /* Release */,
			);
			defaultConfigurationIsVisible = 0;
			defaultConfigurationName = Release;
		};
		33E41F6919ADB35E00976FE3 /* Build configuration list for PBXNativeTarget "CoreAnimationOSX" */ = {
			isa = XCConfigurationList;
			buildConfigurations = (
				33E41F6A19ADB35E00976FE3 /* Debug */,
				33E41F6B19ADB35E00976FE3 /* Release */,
			);
			defaultConfigurationIsVisible = 0;
		};
		33E41F6C19ADB35E00976FE3 /* Build configuration list for PBXNativeTarget "CoreAnimationOSXTests" */ = {
			isa = XCConfigurationList;
			buildConfigurations = (
				33E41F6D19ADB35E00976FE3 /* Debug */,
				33E41F6E19ADB35E00976FE3 /* Release */,
			);
			defaultConfigurationIsVisible = 0;
		};
/* End XCConfigurationList section */
	};
	rootObject = 33E41F4519ADB35E00976FE3 /* Project object */;
}
