// !$*UTF8*$!
{
	archiveVersion = 1;
	classes = {
	};
	objectVersion = 46;
	objects = {

/* Begin PBXBuildFile section */
		6829BC901993476C00D8C5C2 /* AppDelegate.swift in Sources */ = {isa = PBXBuildFile; fileRef = 6829BC8F1993476C00D8C5C2 /* AppDelegate.swift */; };
		6829BC921993476C00D8C5C2 /* MasterViewController.swift in Sources */ = {isa = PBXBuildFile; fileRef = 6829BC911993476C00D8C5C2 /* MasterViewController.swift */; };
		6829BC941993476C00D8C5C2 /* DetailViewController.swift in Sources */ = {isa = PBXBuildFile; fileRef = 6829BC931993476C00D8C5C2 /* DetailViewController.swift */; };
		6829BC971993476C00D8C5C2 /* Main.storyboard in Resources */ = {isa = PBXBuildFile; fileRef = 6829BC951993476C00D8C5C2 /* Main.storyboard */; };
		6829BC991993476C00D8C5C2 /* Images.xcassets in Resources */ = {isa = PBXBuildFile; fileRef = 6829BC981993476C00D8C5C2 /* Images.xcassets */; };
		6829BCA51993476C00D8C5C2 /* iOSDocumentsTests.swift in Sources */ = {isa = PBXBuildFile; fileRef = 6829BCA41993476C00D8C5C2 /* iOSDocumentsTests.swift */; };
		6829BCAF199359D000D8C5C2 /* SampleDocument.swift in Sources */ = {isa = PBXBuildFile; fileRef = 6829BCAE199359D000D8C5C2 /* SampleDocument.swift */; };
/* End PBXBuildFile section */

/* Begin PBXContainerItemProxy section */
		6829BC9F1993476C00D8C5C2 /* PBXContainerItemProxy */ = {
			isa = PBXContainerItemProxy;
			containerPortal = 6829BC821993476C00D8C5C2 /* Project object */;
			proxyType = 1;
			remoteGlobalIDString = 6829BC891993476C00D8C5C2;
			remoteInfo = iOSDocuments;
		};
/* End PBXContainerItemProxy section */

/* Begin PBXFileReference section */
		6829BC8A1993476C00D8C5C2 /* iOSDocuments.app */ = {isa = PBXFileReference; explicitFileType = wrapper.application; includeInIndex = 0; path = iOSDocuments.app; sourceTree = BUILT_PRODUCTS_DIR; };
		6829BC8E1993476C00D8C5C2 /* Info.plist */ = {isa = PBXFileReference; lastKnownFileType = text.plist.xml; path = Info.plist; sourceTree = "<group>"; };
		6829BC8F1993476C00D8C5C2 /* AppDelegate.swift */ = {isa = PBXFileReference; lastKnownFileType = sourcecode.swift; path = AppDelegate.swift; sourceTree = "<group>"; };
		6829BC911993476C00D8C5C2 /* MasterViewController.swift */ = {isa = PBXFileReference; lastKnownFileType = sourcecode.swift; path = MasterViewController.swift; sourceTree = "<group>"; };
		6829BC931993476C00D8C5C2 /* DetailViewController.swift */ = {isa = PBXFileReference; lastKnownFileType = sourcecode.swift; path = DetailViewController.swift; sourceTree = "<group>"; };
		6829BC961993476C00D8C5C2 /* Base */ = {isa = PBXFileReference; lastKnownFileType = file.storyboard; name = Base; path = Base.lproj/Main.storyboard; sourceTree = "<group>"; };
		6829BC981993476C00D8C5C2 /* Images.xcassets */ = {isa = PBXFileReference; lastKnownFileType = folder.assetcatalog; path = Images.xcassets; sourceTree = "<group>"; };
		6829BC9E1993476C00D8C5C2 /* iOSDocumentsTests.xctest */ = {isa = PBXFileReference; explicitFileType = wrapper.cfbundle; includeInIndex = 0; path = iOSDocumentsTests.xctest; sourceTree = BUILT_PRODUCTS_DIR; };
		6829BCA31993476C00D8C5C2 /* Info.plist */ = {isa = PBXFileReference; lastKnownFileType = text.plist.xml; path = Info.plist; sourceTree = "<group>"; };
		6829BCA41993476C00D8C5C2 /* iOSDocumentsTests.swift */ = {isa = PBXFileReference; lastKnownFileType = sourcecode.swift; path = iOSDocumentsTests.swift; sourceTree = "<group>"; };
		6829BCAE199359D000D8C5C2 /* SampleDocument.swift */ = {isa = PBXFileReference; fileEncoding = 4; lastKnownFileType = sourcecode.swift; path = SampleDocument.swift; sourceTree = "<group>"; };
/* End PBXFileReference section */

/* Begin PBXFrameworksBuildPhase section */
		6829BC871993476C00D8C5C2 /* Frameworks */ = {
			isa = PBXFrameworksBuildPhase;
			buildActionMask = 2147483647;
			files = (
			);
			runOnlyForDeploymentPostprocessing = 0;
		};
		6829BC9B1993476C00D8C5C2 /* Frameworks */ = {
			isa = PBXFrameworksBuildPhase;
			buildActionMask = 2147483647;
			files = (
			);
			runOnlyForDeploymentPostprocessing = 0;
		};
/* End PBXFrameworksBuildPhase section */

/* Begin PBXGroup section */
		6829BC811993476C00D8C5C2 = {
			isa = PBXGroup;
			children = (
				6829BC8C1993476C00D8C5C2 /* iOSDocuments */,
				6829BCA11993476C00D8C5C2 /* iOSDocumentsTests */,
				6829BC8B1993476C00D8C5C2 /* Products */,
			);
			sourceTree = "<group>";
		};
		6829BC8B1993476C00D8C5C2 /* Products */ = {
			isa = PBXGroup;
			children = (
				6829BC8A1993476C00D8C5C2 /* iOSDocuments.app */,
				6829BC9E1993476C00D8C5C2 /* iOSDocumentsTests.xctest */,
			);
			name = Products;
			sourceTree = "<group>";
		};
		6829BC8C1993476C00D8C5C2 /* iOSDocuments */ = {
			isa = PBXGroup;
			children = (
				6829BC8F1993476C00D8C5C2 /* AppDelegate.swift */,
				6829BC911993476C00D8C5C2 /* MasterViewController.swift */,
				6829BC931993476C00D8C5C2 /* DetailViewController.swift */,
				6829BCAE199359D000D8C5C2 /* SampleDocument.swift */,
				6829BC951993476C00D8C5C2 /* Main.storyboard */,
				6829BC981993476C00D8C5C2 /* Images.xcassets */,
				6829BC8D1993476C00D8C5C2 /* Supporting Files */,
			);
			path = iOSDocuments;
			sourceTree = "<group>";
		};
		6829BC8D1993476C00D8C5C2 /* Supporting Files */ = {
			isa = PBXGroup;
			children = (
				6829BC8E1993476C00D8C5C2 /* Info.plist */,
			);
			name = "Supporting Files";
			sourceTree = "<group>";
		};
		6829BCA11993476C00D8C5C2 /* iOSDocumentsTests */ = {
			isa = PBXGroup;
			children = (
				6829BCA41993476C00D8C5C2 /* iOSDocumentsTests.swift */,
				6829BCA21993476C00D8C5C2 /* Supporting Files */,
			);
			path = iOSDocumentsTests;
			sourceTree = "<group>";
		};
		6829BCA21993476C00D8C5C2 /* Supporting Files */ = {
			isa = PBXGroup;
			children = (
				6829BCA31993476C00D8C5C2 /* Info.plist */,
			);
			name = "Supporting Files";
			sourceTree = "<group>";
		};
/* End PBXGroup section */

/* Begin PBXNativeTarget section */
		6829BC891993476C00D8C5C2 /* iOSDocuments */ = {
			isa = PBXNativeTarget;
			buildConfigurationList = 6829BCA81993476C00D8C5C2 /* Build configuration list for PBXNativeTarget "iOSDocuments" */;
			buildPhases = (
				6829BC861993476C00D8C5C2 /* Sources */,
				6829BC871993476C00D8C5C2 /* Frameworks */,
				6829BC881993476C00D8C5C2 /* Resources */,
			);
			buildRules = (
			);
			dependencies = (
			);
			name = iOSDocuments;
			productName = iOSDocuments;
			productReference = 6829BC8A1993476C00D8C5C2 /* iOSDocuments.app */;
			productType = "com.apple.product-type.application";
		};
		6829BC9D1993476C00D8C5C2 /* iOSDocumentsTests */ = {
			isa = PBXNativeTarget;
			buildConfigurationList = 6829BCAB1993476C00D8C5C2 /* Build configuration list for PBXNativeTarget "iOSDocumentsTests" */;
			buildPhases = (
				6829BC9A1993476C00D8C5C2 /* Sources */,
				6829BC9B1993476C00D8C5C2 /* Frameworks */,
				6829BC9C1993476C00D8C5C2 /* Resources */,
			);
			buildRules = (
			);
			dependencies = (
				6829BCA01993476C00D8C5C2 /* PBXTargetDependency */,
			);
			name = iOSDocumentsTests;
			productName = iOSDocumentsTests;
			productReference = 6829BC9E1993476C00D8C5C2 /* iOSDocumentsTests.xctest */;
			productType = "com.apple.product-type.bundle.unit-test";
		};
/* End PBXNativeTarget section */

/* Begin PBXProject section */
		6829BC821993476C00D8C5C2 /* Project object */ = {
			isa = PBXProject;
			attributes = {
				LastUpgradeCheck = 0600;
				ORGANIZATIONNAME = "Secret Lab";
				TargetAttributes = {
					6829BC891993476C00D8C5C2 = {
						CreatedOnToolsVersion = 6.0;
					};
					6829BC9D1993476C00D8C5C2 = {
						CreatedOnToolsVersion = 6.0;
						TestTargetID = 6829BC891993476C00D8C5C2;
					};
				};
			};
			buildConfigurationList = 6829BC851993476C00D8C5C2 /* Build configuration list for PBXProject "iOSDocuments" */;
			compatibilityVersion = "Xcode 3.2";
			developmentRegion = English;
			hasScannedForEncodings = 0;
			knownRegions = (
				en,
				Base,
			);
			mainGroup = 6829BC811993476C00D8C5C2;
			productRefGroup = 6829BC8B1993476C00D8C5C2 /* Products */;
			projectDirPath = "";
			projectRoot = "";
			targets = (
				6829BC891993476C00D8C5C2 /* iOSDocuments */,
				6829BC9D1993476C00D8C5C2 /* iOSDocumentsTests */,
			);
		};
/* End PBXProject section */

/* Begin PBXResourcesBuildPhase section */
		6829BC881993476C00D8C5C2 /* Resources */ = {
			isa = PBXResourcesBuildPhase;
			buildActionMask = 2147483647;
			files = (
				6829BC971993476C00D8C5C2 /* Main.storyboard in Resources */,
				6829BC991993476C00D8C5C2 /* Images.xcassets in Resources */,
			);
			runOnlyForDeploymentPostprocessing = 0;
		};
		6829BC9C1993476C00D8C5C2 /* Resources */ = {
			isa = PBXResourcesBuildPhase;
			buildActionMask = 2147483647;
			files = (
			);
			runOnlyForDeploymentPostprocessing = 0;
		};
/* End PBXResourcesBuildPhase section */

/* Begin PBXSourcesBuildPhase section */
		6829BC861993476C00D8C5C2 /* Sources */ = {
			isa = PBXSourcesBuildPhase;
			buildActionMask = 2147483647;
			files = (
				6829BCAF199359D000D8C5C2 /* SampleDocument.swift in Sources */,
				6829BC941993476C00D8C5C2 /* DetailViewController.swift in Sources */,
				6829BC921993476C00D8C5C2 /* MasterViewController.swift in Sources */,
				6829BC901993476C00D8C5C2 /* AppDelegate.swift in Sources */,
			);
			runOnlyForDeploymentPostprocessing = 0;
		};
		6829BC9A1993476C00D8C5C2 /* Sources */ = {
			isa = PBXSourcesBuildPhase;
			buildActionMask = 2147483647;
			files = (
				6829BCA51993476C00D8C5C2 /* iOSDocumentsTests.swift in Sources */,
			);
			runOnlyForDeploymentPostprocessing = 0;
		};
/* End PBXSourcesBuildPhase section */

/* Begin PBXTargetDependency section */
		6829BCA01993476C00D8C5C2 /* PBXTargetDependency */ = {
			isa = PBXTargetDependency;
			target = 6829BC891993476C00D8C5C2 /* iOSDocuments */;
			targetProxy = 6829BC9F1993476C00D8C5C2 /* PBXContainerItemProxy */;
		};
/* End PBXTargetDependency section */

/* Begin PBXVariantGroup section */
		6829BC951993476C00D8C5C2 /* Main.storyboard */ = {
			isa = PBXVariantGroup;
			children = (
				6829BC961993476C00D8C5C2 /* Base */,
			);
			name = Main.storyboard;
			sourceTree = "<group>";
		};
/* End PBXVariantGroup section */

/* Begin XCBuildConfiguration section */
		6829BCA61993476C00D8C5C2 /* Debug */ = {
			isa = XCBuildConfiguration;
			buildSettings = {
				ALWAYS_SEARCH_USER_PATHS = NO;
				CLANG_CXX_LANGUAGE_STANDARD = "gnu++0x";
				CLANG_CXX_LIBRARY = "libc++";
				CLANG_ENABLE_MODULES = YES;
				CLANG_ENABLE_OBJC_ARC = YES;
				CLANG_WARN_BOOL_CONVERSION = YES;
				CLANG_WARN_CONSTANT_CONVERSION = YES;
				CLANG_WARN_DIRECT_OBJC_ISA_USAGE = YES_ERROR;
				CLANG_WARN_EMPTY_BODY = YES;
				CLANG_WARN_ENUM_CONVERSION = YES;
				CLANG_WARN_INT_CONVERSION = YES;
				CLANG_WARN_OBJC_ROOT_CLASS = YES_ERROR;
				CLANG_WARN_UNREACHABLE_CODE = YES;
				CLANG_WARN__DUPLICATE_METHOD_MATCH = YES;
				"CODE_SIGN_IDENTITY[sdk=iphoneos*]" = "iPhone Developer";
				COPY_PHASE_STRIP = NO;
				ENABLE_STRICT_OBJC_MSGSEND = YES;
				GCC_C_LANGUAGE_STANDARD = gnu99;
				GCC_DYNAMIC_NO_PIC = NO;
				GCC_OPTIMIZATION_LEVEL = 0;
				GCC_PREPROCESSOR_DEFINITIONS = (
					"DEBUG=1",
					"$(inherited)",
				);
				GCC_SYMBOLS_PRIVATE_EXTERN = NO;
				GCC_WARN_64_TO_32_BIT_CONVERSION = YES;
				GCC_WARN_ABOUT_RETURN_TYPE = YES_ERROR;
				GCC_WARN_UNDECLARED_SELECTOR = YES;
				GCC_WARN_UNINITIALIZED_AUTOS = YES_AGGRESSIVE;
				GCC_WARN_UNUSED_FUNCTION = YES;
				GCC_WARN_UNUSED_VARIABLE = YES;
				IPHONEOS_DEPLOYMENT_TARGET = 8.0;
				MTL_ENABLE_DEBUG_INFO = YES;
				ONLY_ACTIVE_ARCH = YES;
				SDKROOT = iphoneos;
				SWIFT_OPTIMIZATION_LEVEL = "-Onone";
			};
			name = Debug;
		};
		6829BCA71993476C00D8C5C2 /* Release */ = {
			isa = XCBuildConfiguration;
			buildSettings = {
				ALWAYS_SEARCH_USER_PATHS = NO;
				CLANG_CXX_LANGUAGE_STANDARD = "gnu++0x";
				CLANG_CXX_LIBRARY = "libc++";
				CLANG_ENABLE_MODULES = YES;
				CLANG_ENABLE_OBJC_ARC = YES;
				CLANG_WARN_BOOL_CONVERSION = YES;
				CLANG_WARN_CONSTANT_CONVERSION = YES;
				CLANG_WARN_DIRECT_OBJC_ISA_USAGE = YES_ERROR;
				CLANG_WARN_EMPTY_BODY = YES;
				CLANG_WARN_ENUM_CONVERSION = YES;
				CLANG_WARN_INT_CONVERSION = YES;
				CLANG_WARN_OBJC_ROOT_CLASS = YES_ERROR;
				CLANG_WARN_UNREACHABLE_CODE = YES;
				CLANG_WARN__DUPLICATE_METHOD_MATCH = YES;
				"CODE_SIGN_IDENTITY[sdk=iphoneos*]" = "iPhone Developer";
				COPY_PHASE_STRIP = YES;
				ENABLE_NS_ASSERTIONS = NO;
				ENABLE_STRICT_OBJC_MSGSEND = YES;
				GCC_C_LANGUAGE_STANDARD = gnu99;
				GCC_WARN_64_TO_32_BIT_CONVERSION = YES;
				GCC_WARN_ABOUT_RETURN_TYPE = YES_ERROR;
				GCC_WARN_UNDECLARED_SELECTOR = YES;
				GCC_WARN_UNINITIALIZED_AUTOS = YES_AGGRESSIVE;
				GCC_WARN_UNUSED_FUNCTION = YES;
				GCC_WARN_UNUSED_VARIABLE = YES;
				IPHONEOS_DEPLOYMENT_TARGET = 8.0;
				MTL_ENABLE_DEBUG_INFO = NO;
				SDKROOT = iphoneos;
				VALIDATE_PRODUCT = YES;
			};
			name = Release;
		};
		6829BCA91993476C00D8C5C2 /* Debug */ = {
			isa = XCBuildConfiguration;
			buildSettings = {
				ASSETCATALOG_COMPILER_APPICON_NAME = AppIcon;
				ASSETCATALOG_COMPILER_LAUNCHIMAGE_NAME = LaunchImage;
				INFOPLIST_FILE = iOSDocuments/Info.plist;
				LD_RUNPATH_SEARCH_PATHS = "$(inherited) @executable_path/Frameworks";
				PRODUCT_NAME = "$(TARGET_NAME)";
			};
			name = Debug;
		};
		6829BCAA1993476C00D8C5C2 /* Release */ = {
			isa = XCBuildConfiguration;
			buildSettings = {
				ASSETCATALOG_COMPILER_APPICON_NAME = AppIcon;
				ASSETCATALOG_COMPILER_LAUNCHIMAGE_NAME = LaunchImage;
				INFOPLIST_FILE = iOSDocuments/Info.plist;
				LD_RUNPATH_SEARCH_PATHS = "$(inherited) @executable_path/Frameworks";
				PRODUCT_NAME = "$(TARGET_NAME)";
			};
			name = Release;
		};
		6829BCAC1993476C00D8C5C2 /* Debug */ = {
			isa = XCBuildConfiguration;
			buildSettings = {
				BUNDLE_LOADER = "$(TEST_HOST)";
				FRAMEWORK_SEARCH_PATHS = (
					"$(SDKROOT)/Developer/Library/Frameworks",
					"$(inherited)",
				);
				GCC_PREPROCESSOR_DEFINITIONS = (
					"DEBUG=1",
					"$(inherited)",
				);
				INFOPLIST_FILE = iOSDocumentsTests/Info.plist;
				LD_RUNPATH_SEARCH_PATHS = "$(inherited) @executable_path/Frameworks @loader_path/Frameworks";
				PRODUCT_NAME = "$(TARGET_NAME)";
				TEST_HOST = "$(BUILT_PRODUCTS_DIR)/iOSDocuments.app/iOSDocuments";
			};
			name = Debug;
		};
		6829BCAD1993476C00D8C5C2 /* Release */ = {
			isa = XCBuildConfiguration;
			buildSettings = {
				BUNDLE_LOADER = "$(TEST_HOST)";
				FRAMEWORK_SEARCH_PATHS = (
					"$(SDKROOT)/Developer/Library/Frameworks",
					"$(inherited)",
				);
				INFOPLIST_FILE = iOSDocumentsTests/Info.plist;
				LD_RUNPATH_SEARCH_PATHS = "$(inherited) @executable_path/Frameworks @loader_path/Frameworks";
				PRODUCT_NAME = "$(TARGET_NAME)";
				TEST_HOST = "$(BUILT_PRODUCTS_DIR)/iOSDocuments.app/iOSDocuments";
			};
			name = Release;
		};
/* End XCBuildConfiguration section */

/* Begin XCConfigurationList section */
		6829BC851993476C00D8C5C2 /* Build configuration list for PBXProject "iOSDocuments" */ = {
			isa = XCConfigurationList;
			buildConfigurations = (
				6829BCA61993476C00D8C5C2 /* Debug */,
				6829BCA71993476C00D8C5C2 /* Release */,
			);
			defaultConfigurationIsVisible = 0;
			defaultConfigurationName = Release;
		};
		6829BCA81993476C00D8C5C2 /* Build configuration list for PBXNativeTarget "iOSDocuments" */ = {
			isa = XCConfigurationList;
			buildConfigurations = (
				6829BCA91993476C00D8C5C2 /* Debug */,
				6829BCAA1993476C00D8C5C2 /* Release */,
			);
			defaultConfigurationIsVisible = 0;
		};
		6829BCAB1993476C00D8C5C2 /* Build configuration list for PBXNativeTarget "iOSDocumentsTests" */ = {
			isa = XCConfigurationList;
			buildConfigurations = (
				6829BCAC1993476C00D8C5C2 /* Debug */,
				6829BCAD1993476C00D8C5C2 /* Release */,
			);
			defaultConfigurationIsVisible = 0;
		};
/* End XCConfigurationList section */
	};
	rootObject = 6829BC821993476C00D8C5C2 /* Project object */;
}
