// !$*UTF8*$!
{
	archiveVersion = 1;
	classes = {
	};
	objectVersion = 46;
	objects = {

/* Begin PBXBuildFile section */
		68F17E191957E02E00BD455C /* main.swift in Sources */ = {isa = PBXBuildFile; fileRef = 68F17E181957E02E00BD455C /* main.swift */; };
		68F17E1B1957E02E00BD455C /* AppDelegate.swift in Sources */ = {isa = PBXBuildFile; fileRef = 68F17E1A1957E02E00BD455C /* AppDelegate.swift */; };
		68F17E1D1957E02E00BD455C /* Images.xcassets in Resources */ = {isa = PBXBuildFile; fileRef = 68F17E1C1957E02E00BD455C /* Images.xcassets */; };
		68F17E201957E02E00BD455C /* MainMenu.xib in Resources */ = {isa = PBXBuildFile; fileRef = 68F17E1E1957E02E00BD455C /* MainMenu.xib */; };
		68F17E2C1957E02E00BD455C /* EventsTests.swift in Sources */ = {isa = PBXBuildFile; fileRef = 68F17E2B1957E02E00BD455C /* EventsTests.swift */; };
/* End PBXBuildFile section */

/* Begin PBXContainerItemProxy section */
		68F17E261957E02E00BD455C /* PBXContainerItemProxy */ = {
			isa = PBXContainerItemProxy;
			containerPortal = 68F17E0B1957E02E00BD455C /* Project object */;
			proxyType = 1;
			remoteGlobalIDString = 68F17E121957E02E00BD455C;
			remoteInfo = Events;
		};
/* End PBXContainerItemProxy section */

/* Begin PBXFileReference section */
		68F17E131957E02E00BD455C /* Events.app */ = {isa = PBXFileReference; explicitFileType = wrapper.application; includeInIndex = 0; path = Events.app; sourceTree = BUILT_PRODUCTS_DIR; };
		68F17E171957E02E00BD455C /* Info.plist */ = {isa = PBXFileReference; lastKnownFileType = text.plist.xml; path = Info.plist; sourceTree = "<group>"; };
		68F17E181957E02E00BD455C /* main.swift */ = {isa = PBXFileReference; lastKnownFileType = sourcecode.swift; path = main.swift; sourceTree = "<group>"; };
		68F17E1A1957E02E00BD455C /* AppDelegate.swift */ = {isa = PBXFileReference; lastKnownFileType = sourcecode.swift; path = AppDelegate.swift; sourceTree = "<group>"; };
		68F17E1C1957E02E00BD455C /* Images.xcassets */ = {isa = PBXFileReference; lastKnownFileType = folder.assetcatalog; path = Images.xcassets; sourceTree = "<group>"; };
		68F17E1F1957E02E00BD455C /* Base */ = {isa = PBXFileReference; lastKnownFileType = file.xib; name = Base; path = Base.lproj/MainMenu.xib; sourceTree = "<group>"; };
		68F17E251957E02E00BD455C /* EventsTests.xctest */ = {isa = PBXFileReference; explicitFileType = wrapper.cfbundle; includeInIndex = 0; path = EventsTests.xctest; sourceTree = BUILT_PRODUCTS_DIR; };
		68F17E2A1957E02E00BD455C /* Info.plist */ = {isa = PBXFileReference; lastKnownFileType = text.plist.xml; path = Info.plist; sourceTree = "<group>"; };
		68F17E2B1957E02E00BD455C /* EventsTests.swift */ = {isa = PBXFileReference; lastKnownFileType = sourcecode.swift; path = EventsTests.swift; sourceTree = "<group>"; };
/* End PBXFileReference section */

/* Begin PBXFrameworksBuildPhase section */
		68F17E101957E02E00BD455C /* Frameworks */ = {
			isa = PBXFrameworksBuildPhase;
			buildActionMask = 2147483647;
			files = (
			);
			runOnlyForDeploymentPostprocessing = 0;
		};
		68F17E221957E02E00BD455C /* Frameworks */ = {
			isa = PBXFrameworksBuildPhase;
			buildActionMask = 2147483647;
			files = (
			);
			runOnlyForDeploymentPostprocessing = 0;
		};
/* End PBXFrameworksBuildPhase section */

/* Begin PBXGroup section */
		68F17E0A1957E02E00BD455C = {
			isa = PBXGroup;
			children = (
				68F17E151957E02E00BD455C /* Events */,
				68F17E281957E02E00BD455C /* EventsTests */,
				68F17E141957E02E00BD455C /* Products */,
			);
			sourceTree = "<group>";
		};
		68F17E141957E02E00BD455C /* Products */ = {
			isa = PBXGroup;
			children = (
				68F17E131957E02E00BD455C /* Events.app */,
				68F17E251957E02E00BD455C /* EventsTests.xctest */,
			);
			name = Products;
			sourceTree = "<group>";
		};
		68F17E151957E02E00BD455C /* Events */ = {
			isa = PBXGroup;
			children = (
				68F17E1A1957E02E00BD455C /* AppDelegate.swift */,
				68F17E1C1957E02E00BD455C /* Images.xcassets */,
				68F17E1E1957E02E00BD455C /* MainMenu.xib */,
				68F17E161957E02E00BD455C /* Supporting Files */,
			);
			path = Events;
			sourceTree = "<group>";
		};
		68F17E161957E02E00BD455C /* Supporting Files */ = {
			isa = PBXGroup;
			children = (
				68F17E171957E02E00BD455C /* Info.plist */,
				68F17E181957E02E00BD455C /* main.swift */,
			);
			name = "Supporting Files";
			sourceTree = "<group>";
		};
		68F17E281957E02E00BD455C /* EventsTests */ = {
			isa = PBXGroup;
			children = (
				68F17E2B1957E02E00BD455C /* EventsTests.swift */,
				68F17E291957E02E00BD455C /* Supporting Files */,
			);
			path = EventsTests;
			sourceTree = "<group>";
		};
		68F17E291957E02E00BD455C /* Supporting Files */ = {
			isa = PBXGroup;
			children = (
				68F17E2A1957E02E00BD455C /* Info.plist */,
			);
			name = "Supporting Files";
			sourceTree = "<group>";
		};
/* End PBXGroup section */

/* Begin PBXNativeTarget section */
		68F17E121957E02E00BD455C /* Events */ = {
			isa = PBXNativeTarget;
			buildConfigurationList = 68F17E2F1957E02E00BD455C /* Build configuration list for PBXNativeTarget "Events" */;
			buildPhases = (
				68F17E0F1957E02E00BD455C /* Sources */,
				68F17E101957E02E00BD455C /* Frameworks */,
				68F17E111957E02E00BD455C /* Resources */,
			);
			buildRules = (
			);
			dependencies = (
			);
			name = Events;
			productName = Events;
			productReference = 68F17E131957E02E00BD455C /* Events.app */;
			productType = "com.apple.product-type.application";
		};
		68F17E241957E02E00BD455C /* EventsTests */ = {
			isa = PBXNativeTarget;
			buildConfigurationList = 68F17E321957E02E00BD455C /* Build configuration list for PBXNativeTarget "EventsTests" */;
			buildPhases = (
				68F17E211957E02E00BD455C /* Sources */,
				68F17E221957E02E00BD455C /* Frameworks */,
				68F17E231957E02E00BD455C /* Resources */,
			);
			buildRules = (
			);
			dependencies = (
				68F17E271957E02E00BD455C /* PBXTargetDependency */,
			);
			name = EventsTests;
			productName = EventsTests;
			productReference = 68F17E251957E02E00BD455C /* EventsTests.xctest */;
			productType = "com.apple.product-type.bundle.unit-test";
		};
/* End PBXNativeTarget section */

/* Begin PBXProject section */
		68F17E0B1957E02E00BD455C /* Project object */ = {
			isa = PBXProject;
			attributes = {
				LastUpgradeCheck = 0600;
				ORGANIZATIONNAME = "Secret Lab";
				TargetAttributes = {
					68F17E121957E02E00BD455C = {
						CreatedOnToolsVersion = 6.0;
					};
					68F17E241957E02E00BD455C = {
						CreatedOnToolsVersion = 6.0;
						TestTargetID = 68F17E121957E02E00BD455C;
					};
				};
			};
			buildConfigurationList = 68F17E0E1957E02E00BD455C /* Build configuration list for PBXProject "Events" */;
			compatibilityVersion = "Xcode 3.2";
			developmentRegion = English;
			hasScannedForEncodings = 0;
			knownRegions = (
				en,
				Base,
			);
			mainGroup = 68F17E0A1957E02E00BD455C;
			productRefGroup = 68F17E141957E02E00BD455C /* Products */;
			projectDirPath = "";
			projectRoot = "";
			targets = (
				68F17E121957E02E00BD455C /* Events */,
				68F17E241957E02E00BD455C /* EventsTests */,
			);
		};
/* End PBXProject section */

/* Begin PBXResourcesBuildPhase section */
		68F17E111957E02E00BD455C /* Resources */ = {
			isa = PBXResourcesBuildPhase;
			buildActionMask = 2147483647;
			files = (
				68F17E1D1957E02E00BD455C /* Images.xcassets in Resources */,
				68F17E201957E02E00BD455C /* MainMenu.xib in Resources */,
			);
			runOnlyForDeploymentPostprocessing = 0;
		};
		68F17E231957E02E00BD455C /* Resources */ = {
			isa = PBXResourcesBuildPhase;
			buildActionMask = 2147483647;
			files = (
			);
			runOnlyForDeploymentPostprocessing = 0;
		};
/* End PBXResourcesBuildPhase section */

/* Begin PBXSourcesBuildPhase section */
		68F17E0F1957E02E00BD455C /* Sources */ = {
			isa = PBXSourcesBuildPhase;
			buildActionMask = 2147483647;
			files = (
				68F17E1B1957E02E00BD455C /* AppDelegate.swift in Sources */,
				68F17E191957E02E00BD455C /* main.swift in Sources */,
			);
			runOnlyForDeploymentPostprocessing = 0;
		};
		68F17E211957E02E00BD455C /* Sources */ = {
			isa = PBXSourcesBuildPhase;
			buildActionMask = 2147483647;
			files = (
				68F17E2C1957E02E00BD455C /* EventsTests.swift in Sources */,
			);
			runOnlyForDeploymentPostprocessing = 0;
		};
/* End PBXSourcesBuildPhase section */

/* Begin PBXTargetDependency section */
		68F17E271957E02E00BD455C /* PBXTargetDependency */ = {
			isa = PBXTargetDependency;
			target = 68F17E121957E02E00BD455C /* Events */;
			targetProxy = 68F17E261957E02E00BD455C /* PBXContainerItemProxy */;
		};
/* End PBXTargetDependency section */

/* Begin PBXVariantGroup section */
		68F17E1E1957E02E00BD455C /* MainMenu.xib */ = {
			isa = PBXVariantGroup;
			children = (
				68F17E1F1957E02E00BD455C /* Base */,
			);
			name = MainMenu.xib;
			sourceTree = "<group>";
		};
/* End PBXVariantGroup section */

/* Begin XCBuildConfiguration section */
		68F17E2D1957E02E00BD455C /* Debug */ = {
			isa = XCBuildConfiguration;
			buildSettings = {
				ALWAYS_SEARCH_USER_PATHS = NO;
				CLANG_CXX_LANGUAGE_STANDARD = "gnu++0x";
				CLANG_CXX_LIBRARY = "libc++";
				CLANG_ENABLE_MODULES = YES;
				CLANG_ENABLE_OBJC_ARC = YES;
				CLANG_WARN_BOOL_CONVERSION = YES;
				CLANG_WARN_CONSTANT_CONVERSION = YES;
				CLANG_WARN_DIRECT_OBJC_ISA_USAGE = YES_ERROR;
				CLANG_WARN_EMPTY_BODY = YES;
				CLANG_WARN_ENUM_CONVERSION = YES;
				CLANG_WARN_INT_CONVERSION = YES;
				CLANG_WARN_OBJC_ROOT_CLASS = YES_ERROR;
				CLANG_WARN_UNREACHABLE_CODE = YES;
				CLANG_WARN__DUPLICATE_METHOD_MATCH = YES;
				CODE_SIGN_IDENTITY = "-";
				COPY_PHASE_STRIP = NO;
				ENABLE_STRICT_OBJC_MSGSEND = YES;
				GCC_C_LANGUAGE_STANDARD = gnu99;
				GCC_DYNAMIC_NO_PIC = NO;
				GCC_OPTIMIZATION_LEVEL = 0;
				GCC_PREPROCESSOR_DEFINITIONS = (
					"DEBUG=1",
					"$(inherited)",
				);
				GCC_SYMBOLS_PRIVATE_EXTERN = NO;
				GCC_WARN_64_TO_32_BIT_CONVERSION = YES;
				GCC_WARN_ABOUT_RETURN_TYPE = YES_ERROR;
				GCC_WARN_UNDECLARED_SELECTOR = YES;
				GCC_WARN_UNINITIALIZED_AUTOS = YES_AGGRESSIVE;
				GCC_WARN_UNUSED_FUNCTION = YES;
				GCC_WARN_UNUSED_VARIABLE = YES;
				MACOSX_DEPLOYMENT_TARGET = 10.9;
				METAL_ENABLE_DEBUG_INFO = YES;
				ONLY_ACTIVE_ARCH = YES;
				SDKROOT = macosx;
				SWIFT_OPTIMIZATION_LEVEL = "-Onone";
			};
			name = Debug;
		};
		68F17E2E1957E02E00BD455C /* Release */ = {
			isa = XCBuildConfiguration;
			buildSettings = {
				ALWAYS_SEARCH_USER_PATHS = NO;
				CLANG_CXX_LANGUAGE_STANDARD = "gnu++0x";
				CLANG_CXX_LIBRARY = "libc++";
				CLANG_ENABLE_MODULES = YES;
				CLANG_ENABLE_OBJC_ARC = YES;
				CLANG_WARN_BOOL_CONVERSION = YES;
				CLANG_WARN_CONSTANT_CONVERSION = YES;
				CLANG_WARN_DIRECT_OBJC_ISA_USAGE = YES_ERROR;
				CLANG_WARN_EMPTY_BODY = YES;
				CLANG_WARN_ENUM_CONVERSION = YES;
				CLANG_WARN_INT_CONVERSION = YES;
				CLANG_WARN_OBJC_ROOT_CLASS = YES_ERROR;
				CLANG_WARN_UNREACHABLE_CODE = YES;
				CLANG_WARN__DUPLICATE_METHOD_MATCH = YES;
				CODE_SIGN_IDENTITY = "-";
				COPY_PHASE_STRIP = YES;
				DEBUG_INFORMATION_FORMAT = "dwarf-with-dsym";
				ENABLE_NS_ASSERTIONS = NO;
				ENABLE_STRICT_OBJC_MSGSEND = YES;
				GCC_C_LANGUAGE_STANDARD = gnu99;
				GCC_WARN_64_TO_32_BIT_CONVERSION = YES;
				GCC_WARN_ABOUT_RETURN_TYPE = YES_ERROR;
				GCC_WARN_UNDECLARED_SELECTOR = YES;
				GCC_WARN_UNINITIALIZED_AUTOS = YES_AGGRESSIVE;
				GCC_WARN_UNUSED_FUNCTION = YES;
				GCC_WARN_UNUSED_VARIABLE = YES;
				MACOSX_DEPLOYMENT_TARGET = 10.9;
				METAL_ENABLE_DEBUG_INFO = NO;
				SDKROOT = macosx;
			};
			name = Release;
		};
		68F17E301957E02E00BD455C /* Debug */ = {
			isa = XCBuildConfiguration;
			buildSettings = {
				ASSETCATALOG_COMPILER_APPICON_NAME = AppIcon;
				COMBINE_HIDPI_IMAGES = YES;
				INFOPLIST_FILE = Events/Info.plist;
				LD_RUNPATH_SEARCH_PATHS = "$(inherited) @executable_path/../Frameworks";
				PRODUCT_NAME = "$(TARGET_NAME)";
			};
			name = Debug;
		};
		68F17E311957E02E00BD455C /* Release */ = {
			isa = XCBuildConfiguration;
			buildSettings = {
				ASSETCATALOG_COMPILER_APPICON_NAME = AppIcon;
				COMBINE_HIDPI_IMAGES = YES;
				INFOPLIST_FILE = Events/Info.plist;
				LD_RUNPATH_SEARCH_PATHS = "$(inherited) @executable_path/../Frameworks";
				PRODUCT_NAME = "$(TARGET_NAME)";
			};
			name = Release;
		};
		68F17E331957E02E00BD455C /* Debug */ = {
			isa = XCBuildConfiguration;
			buildSettings = {
				BUNDLE_LOADER = "$(BUILT_PRODUCTS_DIR)/Events.app/Contents/MacOS/Events";
				COMBINE_HIDPI_IMAGES = YES;
				FRAMEWORK_SEARCH_PATHS = (
					"$(DEVELOPER_FRAMEWORKS_DIR)",
					"$(inherited)",
				);
				GCC_PREPROCESSOR_DEFINITIONS = (
					"DEBUG=1",
					"$(inherited)",
				);
				INFOPLIST_FILE = EventsTests/Info.plist;
				LD_RUNPATH_SEARCH_PATHS = "$(inherited) @executable_path/../Frameworks @loader_path/../Frameworks";
				METAL_ENABLE_DEBUG_INFO = YES;
				PRODUCT_NAME = "$(TARGET_NAME)";
				TEST_HOST = "$(BUNDLE_LOADER)";
			};
			name = Debug;
		};
		68F17E341957E02E00BD455C /* Release */ = {
			isa = XCBuildConfiguration;
			buildSettings = {
				BUNDLE_LOADER = "$(BUILT_PRODUCTS_DIR)/Events.app/Contents/MacOS/Events";
				COMBINE_HIDPI_IMAGES = YES;
				FRAMEWORK_SEARCH_PATHS = (
					"$(DEVELOPER_FRAMEWORKS_DIR)",
					"$(inherited)",
				);
				INFOPLIST_FILE = EventsTests/Info.plist;
				LD_RUNPATH_SEARCH_PATHS = "$(inherited) @executable_path/../Frameworks @loader_path/../Frameworks";
				METAL_ENABLE_DEBUG_INFO = NO;
				PRODUCT_NAME = "$(TARGET_NAME)";
				TEST_HOST = "$(BUNDLE_LOADER)";
			};
			name = Release;
		};
/* End XCBuildConfiguration section */

/* Begin XCConfigurationList section */
		68F17E0E1957E02E00BD455C /* Build configuration list for PBXProject "Events" */ = {
			isa = XCConfigurationList;
			buildConfigurations = (
				68F17E2D1957E02E00BD455C /* Debug */,
				68F17E2E1957E02E00BD455C /* Release */,
			);
			defaultConfigurationIsVisible = 0;
			defaultConfigurationName = Release;
		};
		68F17E2F1957E02E00BD455C /* Build configuration list for PBXNativeTarget "Events" */ = {
			isa = XCConfigurationList;
			buildConfigurations = (
				68F17E301957E02E00BD455C /* Debug */,
				68F17E311957E02E00BD455C /* Release */,
			);
			defaultConfigurationIsVisible = 0;
		};
		68F17E321957E02E00BD455C /* Build configuration list for PBXNativeTarget "EventsTests" */ = {
			isa = XCConfigurationList;
			buildConfigurations = (
				68F17E331957E02E00BD455C /* Debug */,
				68F17E341957E02E00BD455C /* Release */,
			);
			defaultConfigurationIsVisible = 0;
		};
/* End XCConfigurationList section */
	};
	rootObject = 68F17E0B1957E02E00BD455C /* Project object */;
}
