// !$*UTF8*$!
{
	archiveVersion = 1;
	classes = {
	};
	objectVersion = 46;
	objects = {

/* Begin PBXBuildFile section */
		33B36AB61994942B0003CF37 /* main.swift in Sources */ = {isa = PBXBuildFile; fileRef = 33B36AB51994942B0003CF37 /* main.swift */; };
		33B36AB81994942B0003CF37 /* AppDelegate.swift in Sources */ = {isa = PBXBuildFile; fileRef = 33B36AB71994942B0003CF37 /* AppDelegate.swift */; };
		33B36ABA1994942B0003CF37 /* Images.xcassets in Resources */ = {isa = PBXBuildFile; fileRef = 33B36AB91994942B0003CF37 /* Images.xcassets */; };
		33B36ABD1994942B0003CF37 /* MainMenu.xib in Resources */ = {isa = PBXBuildFile; fileRef = 33B36ABB1994942B0003CF37 /* MainMenu.xib */; };
		33B36AC91994942B0003CF37 /* LocationWithReverseGeocodingTests.swift in Sources */ = {isa = PBXBuildFile; fileRef = 33B36AC81994942B0003CF37 /* LocationWithReverseGeocodingTests.swift */; };
/* End PBXBuildFile section */

/* Begin PBXContainerItemProxy section */
		33B36AC31994942B0003CF37 /* PBXContainerItemProxy */ = {
			isa = PBXContainerItemProxy;
			containerPortal = 33B36AA81994942B0003CF37 /* Project object */;
			proxyType = 1;
			remoteGlobalIDString = 33B36AAF1994942B0003CF37;
			remoteInfo = LocationWithReverseGeocoding;
		};
/* End PBXContainerItemProxy section */

/* Begin PBXFileReference section */
		33B36AB01994942B0003CF37 /* LocationWithReverseGeocoding.app */ = {isa = PBXFileReference; explicitFileType = wrapper.application; includeInIndex = 0; path = LocationWithReverseGeocoding.app; sourceTree = BUILT_PRODUCTS_DIR; };
		33B36AB41994942B0003CF37 /* Info.plist */ = {isa = PBXFileReference; lastKnownFileType = text.plist.xml; path = Info.plist; sourceTree = "<group>"; };
		33B36AB51994942B0003CF37 /* main.swift */ = {isa = PBXFileReference; lastKnownFileType = sourcecode.swift; path = main.swift; sourceTree = "<group>"; };
		33B36AB71994942B0003CF37 /* AppDelegate.swift */ = {isa = PBXFileReference; lastKnownFileType = sourcecode.swift; path = AppDelegate.swift; sourceTree = "<group>"; };
		33B36AB91994942B0003CF37 /* Images.xcassets */ = {isa = PBXFileReference; lastKnownFileType = folder.assetcatalog; path = Images.xcassets; sourceTree = "<group>"; };
		33B36ABC1994942B0003CF37 /* Base */ = {isa = PBXFileReference; lastKnownFileType = file.xib; name = Base; path = Base.lproj/MainMenu.xib; sourceTree = "<group>"; };
		33B36AC21994942B0003CF37 /* LocationWithReverseGeocodingTests.xctest */ = {isa = PBXFileReference; explicitFileType = wrapper.cfbundle; includeInIndex = 0; path = LocationWithReverseGeocodingTests.xctest; sourceTree = BUILT_PRODUCTS_DIR; };
		33B36AC71994942B0003CF37 /* Info.plist */ = {isa = PBXFileReference; lastKnownFileType = text.plist.xml; path = Info.plist; sourceTree = "<group>"; };
		33B36AC81994942B0003CF37 /* LocationWithReverseGeocodingTests.swift */ = {isa = PBXFileReference; lastKnownFileType = sourcecode.swift; path = LocationWithReverseGeocodingTests.swift; sourceTree = "<group>"; };
/* End PBXFileReference section */

/* Begin PBXFrameworksBuildPhase section */
		33B36AAD1994942B0003CF37 /* Frameworks */ = {
			isa = PBXFrameworksBuildPhase;
			buildActionMask = 2147483647;
			files = (
			);
			runOnlyForDeploymentPostprocessing = 0;
		};
		33B36ABF1994942B0003CF37 /* Frameworks */ = {
			isa = PBXFrameworksBuildPhase;
			buildActionMask = 2147483647;
			files = (
			);
			runOnlyForDeploymentPostprocessing = 0;
		};
/* End PBXFrameworksBuildPhase section */

/* Begin PBXGroup section */
		33B36AA71994942B0003CF37 = {
			isa = PBXGroup;
			children = (
				33B36AB21994942B0003CF37 /* LocationWithReverseGeocoding */,
				33B36AC51994942B0003CF37 /* LocationWithReverseGeocodingTests */,
				33B36AB11994942B0003CF37 /* Products */,
			);
			sourceTree = "<group>";
		};
		33B36AB11994942B0003CF37 /* Products */ = {
			isa = PBXGroup;
			children = (
				33B36AB01994942B0003CF37 /* LocationWithReverseGeocoding.app */,
				33B36AC21994942B0003CF37 /* LocationWithReverseGeocodingTests.xctest */,
			);
			name = Products;
			sourceTree = "<group>";
		};
		33B36AB21994942B0003CF37 /* LocationWithReverseGeocoding */ = {
			isa = PBXGroup;
			children = (
				33B36AB71994942B0003CF37 /* AppDelegate.swift */,
				33B36AB91994942B0003CF37 /* Images.xcassets */,
				33B36ABB1994942B0003CF37 /* MainMenu.xib */,
				33B36AB31994942B0003CF37 /* Supporting Files */,
			);
			path = LocationWithReverseGeocoding;
			sourceTree = "<group>";
		};
		33B36AB31994942B0003CF37 /* Supporting Files */ = {
			isa = PBXGroup;
			children = (
				33B36AB41994942B0003CF37 /* Info.plist */,
				33B36AB51994942B0003CF37 /* main.swift */,
			);
			name = "Supporting Files";
			sourceTree = "<group>";
		};
		33B36AC51994942B0003CF37 /* LocationWithReverseGeocodingTests */ = {
			isa = PBXGroup;
			children = (
				33B36AC81994942B0003CF37 /* LocationWithReverseGeocodingTests.swift */,
				33B36AC61994942B0003CF37 /* Supporting Files */,
			);
			path = LocationWithReverseGeocodingTests;
			sourceTree = "<group>";
		};
		33B36AC61994942B0003CF37 /* Supporting Files */ = {
			isa = PBXGroup;
			children = (
				33B36AC71994942B0003CF37 /* Info.plist */,
			);
			name = "Supporting Files";
			sourceTree = "<group>";
		};
/* End PBXGroup section */

/* Begin PBXNativeTarget section */
		33B36AAF1994942B0003CF37 /* LocationWithReverseGeocoding */ = {
			isa = PBXNativeTarget;
			buildConfigurationList = 33B36ACC1994942B0003CF37 /* Build configuration list for PBXNativeTarget "LocationWithReverseGeocoding" */;
			buildPhases = (
				33B36AAC1994942B0003CF37 /* Sources */,
				33B36AAD1994942B0003CF37 /* Frameworks */,
				33B36AAE1994942B0003CF37 /* Resources */,
			);
			buildRules = (
			);
			dependencies = (
			);
			name = LocationWithReverseGeocoding;
			productName = LocationWithReverseGeocoding;
			productReference = 33B36AB01994942B0003CF37 /* LocationWithReverseGeocoding.app */;
			productType = "com.apple.product-type.application";
		};
		33B36AC11994942B0003CF37 /* LocationWithReverseGeocodingTests */ = {
			isa = PBXNativeTarget;
			buildConfigurationList = 33B36ACF1994942B0003CF37 /* Build configuration list for PBXNativeTarget "LocationWithReverseGeocodingTests" */;
			buildPhases = (
				33B36ABE1994942B0003CF37 /* Sources */,
				33B36ABF1994942B0003CF37 /* Frameworks */,
				33B36AC01994942B0003CF37 /* Resources */,
			);
			buildRules = (
			);
			dependencies = (
				33B36AC41994942B0003CF37 /* PBXTargetDependency */,
			);
			name = LocationWithReverseGeocodingTests;
			productName = LocationWithReverseGeocodingTests;
			productReference = 33B36AC21994942B0003CF37 /* LocationWithReverseGeocodingTests.xctest */;
			productType = "com.apple.product-type.bundle.unit-test";
		};
/* End PBXNativeTarget section */

/* Begin PBXProject section */
		33B36AA81994942B0003CF37 /* Project object */ = {
			isa = PBXProject;
			attributes = {
				LastUpgradeCheck = 0600;
				ORGANIZATIONNAME = "Timothy Rodney Nugent";
				TargetAttributes = {
					33B36AAF1994942B0003CF37 = {
						CreatedOnToolsVersion = 6.0;
					};
					33B36AC11994942B0003CF37 = {
						CreatedOnToolsVersion = 6.0;
						TestTargetID = 33B36AAF1994942B0003CF37;
					};
				};
			};
			buildConfigurationList = 33B36AAB1994942B0003CF37 /* Build configuration list for PBXProject "LocationWithReverseGeocoding" */;
			compatibilityVersion = "Xcode 3.2";
			developmentRegion = English;
			hasScannedForEncodings = 0;
			knownRegions = (
				en,
				Base,
			);
			mainGroup = 33B36AA71994942B0003CF37;
			productRefGroup = 33B36AB11994942B0003CF37 /* Products */;
			projectDirPath = "";
			projectRoot = "";
			targets = (
				33B36AAF1994942B0003CF37 /* LocationWithReverseGeocoding */,
				33B36AC11994942B0003CF37 /* LocationWithReverseGeocodingTests */,
			);
		};
/* End PBXProject section */

/* Begin PBXResourcesBuildPhase section */
		33B36AAE1994942B0003CF37 /* Resources */ = {
			isa = PBXResourcesBuildPhase;
			buildActionMask = 2147483647;
			files = (
				33B36ABA1994942B0003CF37 /* Images.xcassets in Resources */,
				33B36ABD1994942B0003CF37 /* MainMenu.xib in Resources */,
			);
			runOnlyForDeploymentPostprocessing = 0;
		};
		33B36AC01994942B0003CF37 /* Resources */ = {
			isa = PBXResourcesBuildPhase;
			buildActionMask = 2147483647;
			files = (
			);
			runOnlyForDeploymentPostprocessing = 0;
		};
/* End PBXResourcesBuildPhase section */

/* Begin PBXSourcesBuildPhase section */
		33B36AAC1994942B0003CF37 /* Sources */ = {
			isa = PBXSourcesBuildPhase;
			buildActionMask = 2147483647;
			files = (
				33B36AB81994942B0003CF37 /* AppDelegate.swift in Sources */,
				33B36AB61994942B0003CF37 /* main.swift in Sources */,
			);
			runOnlyForDeploymentPostprocessing = 0;
		};
		33B36ABE1994942B0003CF37 /* Sources */ = {
			isa = PBXSourcesBuildPhase;
			buildActionMask = 2147483647;
			files = (
				33B36AC91994942B0003CF37 /* LocationWithReverseGeocodingTests.swift in Sources */,
			);
			runOnlyForDeploymentPostprocessing = 0;
		};
/* End PBXSourcesBuildPhase section */

/* Begin PBXTargetDependency section */
		33B36AC41994942B0003CF37 /* PBXTargetDependency */ = {
			isa = PBXTargetDependency;
			target = 33B36AAF1994942B0003CF37 /* LocationWithReverseGeocoding */;
			targetProxy = 33B36AC31994942B0003CF37 /* PBXContainerItemProxy */;
		};
/* End PBXTargetDependency section */

/* Begin PBXVariantGroup section */
		33B36ABB1994942B0003CF37 /* MainMenu.xib */ = {
			isa = PBXVariantGroup;
			children = (
				33B36ABC1994942B0003CF37 /* Base */,
			);
			name = MainMenu.xib;
			sourceTree = "<group>";
		};
/* End PBXVariantGroup section */

/* Begin XCBuildConfiguration section */
		33B36ACA1994942B0003CF37 /* Debug */ = {
			isa = XCBuildConfiguration;
			buildSettings = {
				ALWAYS_SEARCH_USER_PATHS = NO;
				CLANG_CXX_LANGUAGE_STANDARD = "gnu++0x";
				CLANG_CXX_LIBRARY = "libc++";
				CLANG_ENABLE_MODULES = YES;
				CLANG_ENABLE_OBJC_ARC = YES;
				CLANG_WARN_BOOL_CONVERSION = YES;
				CLANG_WARN_CONSTANT_CONVERSION = YES;
				CLANG_WARN_DIRECT_OBJC_ISA_USAGE = YES_ERROR;
				CLANG_WARN_EMPTY_BODY = YES;
				CLANG_WARN_ENUM_CONVERSION = YES;
				CLANG_WARN_INT_CONVERSION = YES;
				CLANG_WARN_OBJC_ROOT_CLASS = YES_ERROR;
				CLANG_WARN_UNREACHABLE_CODE = YES;
				CLANG_WARN__DUPLICATE_METHOD_MATCH = YES;
				CODE_SIGN_IDENTITY = "-";
				COPY_PHASE_STRIP = NO;
				ENABLE_STRICT_OBJC_MSGSEND = YES;
				GCC_C_LANGUAGE_STANDARD = gnu99;
				GCC_DYNAMIC_NO_PIC = NO;
				GCC_OPTIMIZATION_LEVEL = 0;
				GCC_PREPROCESSOR_DEFINITIONS = (
					"DEBUG=1",
					"$(inherited)",
				);
				GCC_SYMBOLS_PRIVATE_EXTERN = NO;
				GCC_WARN_64_TO_32_BIT_CONVERSION = YES;
				GCC_WARN_ABOUT_RETURN_TYPE = YES_ERROR;
				GCC_WARN_UNDECLARED_SELECTOR = YES;
				GCC_WARN_UNINITIALIZED_AUTOS = YES_AGGRESSIVE;
				GCC_WARN_UNUSED_FUNCTION = YES;
				GCC_WARN_UNUSED_VARIABLE = YES;
				MACOSX_DEPLOYMENT_TARGET = 10.9;
				MTL_ENABLE_DEBUG_INFO = YES;
				ONLY_ACTIVE_ARCH = YES;
				SDKROOT = macosx;
				SWIFT_OPTIMIZATION_LEVEL = "-Onone";
			};
			name = Debug;
		};
		33B36ACB1994942B0003CF37 /* Release */ = {
			isa = XCBuildConfiguration;
			buildSettings = {
				ALWAYS_SEARCH_USER_PATHS = NO;
				CLANG_CXX_LANGUAGE_STANDARD = "gnu++0x";
				CLANG_CXX_LIBRARY = "libc++";
				CLANG_ENABLE_MODULES = YES;
				CLANG_ENABLE_OBJC_ARC = YES;
				CLANG_WARN_BOOL_CONVERSION = YES;
				CLANG_WARN_CONSTANT_CONVERSION = YES;
				CLANG_WARN_DIRECT_OBJC_ISA_USAGE = YES_ERROR;
				CLANG_WARN_EMPTY_BODY = YES;
				CLANG_WARN_ENUM_CONVERSION = YES;
				CLANG_WARN_INT_CONVERSION = YES;
				CLANG_WARN_OBJC_ROOT_CLASS = YES_ERROR;
				CLANG_WARN_UNREACHABLE_CODE = YES;
				CLANG_WARN__DUPLICATE_METHOD_MATCH = YES;
				CODE_SIGN_IDENTITY = "-";
				COPY_PHASE_STRIP = YES;
				DEBUG_INFORMATION_FORMAT = "dwarf-with-dsym";
				ENABLE_NS_ASSERTIONS = NO;
				ENABLE_STRICT_OBJC_MSGSEND = YES;
				GCC_C_LANGUAGE_STANDARD = gnu99;
				GCC_WARN_64_TO_32_BIT_CONVERSION = YES;
				GCC_WARN_ABOUT_RETURN_TYPE = YES_ERROR;
				GCC_WARN_UNDECLARED_SELECTOR = YES;
				GCC_WARN_UNINITIALIZED_AUTOS = YES_AGGRESSIVE;
				GCC_WARN_UNUSED_FUNCTION = YES;
				GCC_WARN_UNUSED_VARIABLE = YES;
				MACOSX_DEPLOYMENT_TARGET = 10.9;
				MTL_ENABLE_DEBUG_INFO = NO;
				SDKROOT = macosx;
			};
			name = Release;
		};
		33B36ACD1994942B0003CF37 /* Debug */ = {
			isa = XCBuildConfiguration;
			buildSettings = {
				ASSETCATALOG_COMPILER_APPICON_NAME = AppIcon;
				COMBINE_HIDPI_IMAGES = YES;
				INFOPLIST_FILE = LocationWithReverseGeocoding/Info.plist;
				LD_RUNPATH_SEARCH_PATHS = "$(inherited) @executable_path/../Frameworks";
				PRODUCT_NAME = "$(TARGET_NAME)";
			};
			name = Debug;
		};
		33B36ACE1994942B0003CF37 /* Release */ = {
			isa = XCBuildConfiguration;
			buildSettings = {
				ASSETCATALOG_COMPILER_APPICON_NAME = AppIcon;
				COMBINE_HIDPI_IMAGES = YES;
				INFOPLIST_FILE = LocationWithReverseGeocoding/Info.plist;
				LD_RUNPATH_SEARCH_PATHS = "$(inherited) @executable_path/../Frameworks";
				PRODUCT_NAME = "$(TARGET_NAME)";
			};
			name = Release;
		};
		33B36AD01994942B0003CF37 /* Debug */ = {
			isa = XCBuildConfiguration;
			buildSettings = {
				BUNDLE_LOADER = "$(TEST_HOST)";
				COMBINE_HIDPI_IMAGES = YES;
				FRAMEWORK_SEARCH_PATHS = (
					"$(DEVELOPER_FRAMEWORKS_DIR)",
					"$(inherited)",
				);
				GCC_PREPROCESSOR_DEFINITIONS = (
					"DEBUG=1",
					"$(inherited)",
				);
				INFOPLIST_FILE = LocationWithReverseGeocodingTests/Info.plist;
				LD_RUNPATH_SEARCH_PATHS = "$(inherited) @executable_path/../Frameworks @loader_path/../Frameworks";
				PRODUCT_NAME = "$(TARGET_NAME)";
				TEST_HOST = "$(BUILT_PRODUCTS_DIR)/LocationWithReverseGeocoding.app/Contents/MacOS/LocationWithReverseGeocoding";
			};
			name = Debug;
		};
		33B36AD11994942B0003CF37 /* Release */ = {
			isa = XCBuildConfiguration;
			buildSettings = {
				BUNDLE_LOADER = "$(TEST_HOST)";
				COMBINE_HIDPI_IMAGES = YES;
				FRAMEWORK_SEARCH_PATHS = (
					"$(DEVELOPER_FRAMEWORKS_DIR)",
					"$(inherited)",
				);
				INFOPLIST_FILE = LocationWithReverseGeocodingTests/Info.plist;
				LD_RUNPATH_SEARCH_PATHS = "$(inherited) @executable_path/../Frameworks @loader_path/../Frameworks";
				PRODUCT_NAME = "$(TARGET_NAME)";
				TEST_HOST = "$(BUILT_PRODUCTS_DIR)/LocationWithReverseGeocoding.app/Contents/MacOS/LocationWithReverseGeocoding";
			};
			name = Release;
		};
/* End XCBuildConfiguration section */

/* Begin XCConfigurationList section */
		33B36AAB1994942B0003CF37 /* Build configuration list for PBXProject "LocationWithReverseGeocoding" */ = {
			isa = XCConfigurationList;
			buildConfigurations = (
				33B36ACA1994942B0003CF37 /* Debug */,
				33B36ACB1994942B0003CF37 /* Release */,
			);
			defaultConfigurationIsVisible = 0;
			defaultConfigurationName = Release;
		};
		33B36ACC1994942B0003CF37 /* Build configuration list for PBXNativeTarget "LocationWithReverseGeocoding" */ = {
			isa = XCConfigurationList;
			buildConfigurations = (
				33B36ACD1994942B0003CF37 /* Debug */,
				33B36ACE1994942B0003CF37 /* Release */,
			);
			defaultConfigurationIsVisible = 0;
		};
		33B36ACF1994942B0003CF37 /* Build configuration list for PBXNativeTarget "LocationWithReverseGeocodingTests" */ = {
			isa = XCConfigurationList;
			buildConfigurations = (
				33B36AD01994942B0003CF37 /* Debug */,
				33B36AD11994942B0003CF37 /* Release */,
			);
			defaultConfigurationIsVisible = 0;
		};
/* End XCConfigurationList section */
	};
	rootObject = 33B36AA81994942B0003CF37 /* Project object */;
}
